
Microsoft Visual Studio Solution File, Format Version 12.00
# Visual Studio Version 17
VisualStudioVersion = 17.3.32819.101
MinimumVisualStudioVersion = 10.0.40219.1
Project("{9A19103F-16F7-4668-BE54-9A1E7A4F7556}") = "saitHtml11", "saitHtml11\saitHtml11.csproj", "{3D6CAFB4-17F3-4363-A23F-2A94644D6F96}"
EndProject
Global
	GlobalSection(SolutionConfigurationPlatforms) = preSolution
		Debug|Any CPU = Debug|Any CPU
		Release|Any CPU = Release|Any CPU
	EndGlobalSection
	GlobalSection(ProjectConfigurationPlatforms) = postSolution
		{3D6CAFB4-17F3-4363-A23F-2A94644D6F96}.Debug|Any CPU.ActiveCfg = Debug|Any CPU
		{3D6CAFB4-17F3-4363-A23F-2A94644D6F96}.Debug|Any CPU.Build.0 = Debug|Any CPU
		{3D6CAFB4-17F3-4363-A23F-2A94644D6F96}.Release|Any CPU.ActiveCfg = Release|Any CPU
		{3D6CAFB4-17F3-4363-A23F-2A94644D6F96}.Release|Any CPU.Build.0 = Release|Any CPU
	EndGlobalSection
	GlobalSection(SolutionProperties) = preSolution
		HideSolutionNode = FALSE
	EndGlobalSection
	GlobalSection(ExtensibilityGlobals) = postSolution
		SolutionGuid = {69E9C574-0C20-40A6-ABB3-B664F98B1734}
	EndGlobalSection
EndGlobal
